
Microsoft Visual Studio Solution File, Format Version 12.00
# Visual Studio Version 16
VisualStudioVersion = 16.0.30517.126
MinimumVisualStudioVersion = 10.0.40219.1
Project("{FAE04EC0-301F-11D3-BF4B-00C04F79EFBC}") = "TrainingFPT", "TrainingFPT.csproj", "{AC1C550E-EB43-4DC3-AE58-447B924DC5FF}"
EndProject
Global
	GlobalSection(SolutionConfigurationPlatforms) = preSolution
		Debug|Any CPU = Debug|Any CPU
		Release|Any CPU = Release|Any CPU
	EndGlobalSection
	GlobalSection(ProjectConfigurationPlatforms) = postSolution
		{AC1C550E-EB43-4DC3-AE58-447B924DC5FF}.Debug|Any CPU.ActiveCfg = Debug|Any CPU
		{AC1C550E-EB43-4DC3-AE58-447B924DC5FF}.Debug|Any CPU.Build.0 = Debug|Any CPU
		{AC1C550E-EB43-4DC3-AE58-447B924DC5FF}.Release|Any CPU.ActiveCfg = Release|Any CPU
		{AC1C550E-EB43-4DC3-AE58-447B924DC5FF}.Release|Any CPU.Build.0 = Release|Any CPU
	EndGlobalSection
	GlobalSection(SolutionProperties) = preSolution
		HideSolutionNode = FALSE
	EndGlobalSection
	GlobalSection(ExtensibilityGlobals) = postSolution
		SolutionGuid = {4864A787-40E0-4D49-895E-48961E9C1D49}
	EndGlobalSection
EndGlobal
